<Solution>
  <Folder Name="/Api/">
    <Project Path="Api/BlueTrack.Api.csproj" />
  </Folder>
  <Folder Name="/Api.Tests/">
    <Project Path="Api.Tests/BlueTrack.Api.Tests.csproj" />
  </Folder>
  <Folder Name="/Migrator/">
    <Project Path="Migrator/BlueTrack.Migrator.csproj" />
  </Folder>
</Solution>
